// !$*UTF8*$!
{
	archiveVersion = 1;
	classes = {
	};
	objectVersion = 51;
	objects = {

/* Begin PBXBuildFile section */
		0F8DC8D1A630DD6E5C03BD6F /* Pods_MVVMRxSwift.framework in Frameworks */ = {isa = PBXBuildFile; fileRef = 59509F5ED2D36A87647E4A31 /* Pods_MVVMRxSwift.framework */; };
		D7762CF6267EE58900B179C1 /* AppDelegate.swift in Sources */ = {isa = PBXBuildFile; fileRef = D7762CF5267EE58900B179C1 /* AppDelegate.swift */; };
		D7762CF8267EE58900B179C1 /* SceneDelegate.swift in Sources */ = {isa = PBXBuildFile; fileRef = D7762CF7267EE58900B179C1 /* SceneDelegate.swift */; };
		D7762CFA267EE58900B179C1 /* ViewController.swift in Sources */ = {isa = PBXBuildFile; fileRef = D7762CF9267EE58900B179C1 /* ViewController.swift */; };
		D7762CFD267EE58900B179C1 /* Main.storyboard in Resources */ = {isa = PBXBuildFile; fileRef = D7762CFB267EE58900B179C1 /* Main.storyboard */; };
		D7762CFF267EE59400B179C1 /* Assets.xcassets in Resources */ = {isa = PBXBuildFile; fileRef = D7762CFE267EE59400B179C1 /* Assets.xcassets */; };
		D7762D02267EE59400B179C1 /* LaunchScreen.storyboard in Resources */ = {isa = PBXBuildFile; fileRef = D7762D00267EE59400B179C1 /* LaunchScreen.storyboard */; };
		D7762D11267EE6D500B179C1 /* AppCoordinator.swift in Sources */ = {isa = PBXBuildFile; fileRef = D7762D10267EE6D500B179C1 /* AppCoordinator.swift */; };
		D7E37D16267EECA500E40D70 /* restaurants.json in Resources */ = {isa = PBXBuildFile; fileRef = D7E37D15267EECA500E40D70 /* restaurants.json */; };
		D7E37D19267EED3D00E40D70 /* Restaurant.swift in Sources */ = {isa = PBXBuildFile; fileRef = D7E37D18267EED3D00E40D70 /* Restaurant.swift */; };
		D7E37D1C267EEDBD00E40D70 /* RestaurantService.swift in Sources */ = {isa = PBXBuildFile; fileRef = D7E37D1B267EEDBD00E40D70 /* RestaurantService.swift */; };
		D7E37D1F267EF17300E40D70 /* RestaurantsListViewModel.swift in Sources */ = {isa = PBXBuildFile; fileRef = D7E37D1E267EF17300E40D70 /* RestaurantsListViewModel.swift */; };
		D7E37D22267F223000E40D70 /* RestaurantViewModel.swift in Sources */ = {isa = PBXBuildFile; fileRef = D7E37D21267F223000E40D70 /* RestaurantViewModel.swift */; };
/* End PBXBuildFile section */

/* Begin PBXFileReference section */
		59509F5ED2D36A87647E4A31 /* Pods_MVVMRxSwift.framework */ = {isa = PBXFileReference; explicitFileType = wrapper.framework; includeInIndex = 0; path = Pods_MVVMRxSwift.framework; sourceTree = BUILT_PRODUCTS_DIR; };
		9E3AB16511BB8FC539B1EF31 /* Pods-MVVMRxSwift.debug.xcconfig */ = {isa = PBXFileReference; includeInIndex = 1; lastKnownFileType = text.xcconfig; name = "Pods-MVVMRxSwift.debug.xcconfig"; path = "Target Support Files/Pods-MVVMRxSwift/Pods-MVVMRxSwift.debug.xcconfig"; sourceTree = "<group>"; };
		B12B998DBDA66EBA2A3A2430 /* Pods-MVVMRxSwift.release.xcconfig */ = {isa = PBXFileReference; includeInIndex = 1; lastKnownFileType = text.xcconfig; name = "Pods-MVVMRxSwift.release.xcconfig"; path = "Target Support Files/Pods-MVVMRxSwift/Pods-MVVMRxSwift.release.xcconfig"; sourceTree = "<group>"; };
		D7762CF2267EE58900B179C1 /* MVVMRxSwift.app */ = {isa = PBXFileReference; explicitFileType = wrapper.application; includeInIndex = 0; path = MVVMRxSwift.app; sourceTree = BUILT_PRODUCTS_DIR; };
		D7762CF5267EE58900B179C1 /* AppDelegate.swift */ = {isa = PBXFileReference; lastKnownFileType = sourcecode.swift; path = AppDelegate.swift; sourceTree = "<group>"; };
		D7762CF7267EE58900B179C1 /* SceneDelegate.swift */ = {isa = PBXFileReference; lastKnownFileType = sourcecode.swift; path = SceneDelegate.swift; sourceTree = "<group>"; };
		D7762CF9267EE58900B179C1 /* ViewController.swift */ = {isa = PBXFileReference; lastKnownFileType = sourcecode.swift; path = ViewController.swift; sourceTree = "<group>"; };
		D7762CFC267EE58900B179C1 /* Base */ = {isa = PBXFileReference; lastKnownFileType = file.storyboard; name = Base; path = Base.lproj/Main.storyboard; sourceTree = "<group>"; };
		D7762CFE267EE59400B179C1 /* Assets.xcassets */ = {isa = PBXFileReference; lastKnownFileType = folder.assetcatalog; path = Assets.xcassets; sourceTree = "<group>"; };
		D7762D01267EE59400B179C1 /* Base */ = {isa = PBXFileReference; lastKnownFileType = file.storyboard; name = Base; path = Base.lproj/LaunchScreen.storyboard; sourceTree = "<group>"; };
		D7762D03267EE59400B179C1 /* Info.plist */ = {isa = PBXFileReference; lastKnownFileType = text.plist.xml; path = Info.plist; sourceTree = "<group>"; };
		D7762D10267EE6D500B179C1 /* AppCoordinator.swift */ = {isa = PBXFileReference; lastKnownFileType = sourcecode.swift; path = AppCoordinator.swift; sourceTree = "<group>"; };
		D7E37D15267EECA500E40D70 /* restaurants.json */ = {isa = PBXFileReference; lastKnownFileType = text.json; path = restaurants.json; sourceTree = "<group>"; };
		D7E37D18267EED3D00E40D70 /* Restaurant.swift */ = {isa = PBXFileReference; lastKnownFileType = sourcecode.swift; path = Restaurant.swift; sourceTree = "<group>"; };
		D7E37D1B267EEDBD00E40D70 /* RestaurantService.swift */ = {isa = PBXFileReference; lastKnownFileType = sourcecode.swift; path = RestaurantService.swift; sourceTree = "<group>"; };
		D7E37D1E267EF17300E40D70 /* RestaurantsListViewModel.swift */ = {isa = PBXFileReference; lastKnownFileType = sourcecode.swift; path = RestaurantsListViewModel.swift; sourceTree = "<group>"; };
		D7E37D21267F223000E40D70 /* RestaurantViewModel.swift */ = {isa = PBXFileReference; lastKnownFileType = sourcecode.swift; path = RestaurantViewModel.swift; sourceTree = "<group>"; };
/* End PBXFileReference section */

/* Begin PBXFrameworksBuildPhase section */
		D7762CEF267EE58900B179C1 /* Frameworks */ = {
			isa = PBXFrameworksBuildPhase;
			buildActionMask = 2147483647;
			files = (
				0F8DC8D1A630DD6E5C03BD6F /* Pods_MVVMRxSwift.framework in Frameworks */,
			);
			runOnlyForDeploymentPostprocessing = 0;
		};
/* End PBXFrameworksBuildPhase section */

/* Begin PBXGroup section */
		D7762CE9267EE58900B179C1 = {
			isa = PBXGroup;
			children = (
				D7762CF4267EE58900B179C1 /* MVVMRxSwift */,
				D7762CF3267EE58900B179C1 /* Products */,
				E2D37681C5AEFFFB68820CBA /* Pods */,
				DB26169186FFA8E8C5597C0F /* Frameworks */,
			);
			sourceTree = "<group>";
		};
		D7762CF3267EE58900B179C1 /* Products */ = {
			isa = PBXGroup;
			children = (
				D7762CF2267EE58900B179C1 /* MVVMRxSwift.app */,
			);
			name = Products;
			sourceTree = "<group>";
		};
		D7762CF4267EE58900B179C1 /* MVVMRxSwift */ = {
			isa = PBXGroup;
			children = (
				D7762CF5267EE58900B179C1 /* AppDelegate.swift */,
				D7762CF7267EE58900B179C1 /* SceneDelegate.swift */,
				D7762D10267EE6D500B179C1 /* AppCoordinator.swift */,
				D7762CF9267EE58900B179C1 /* ViewController.swift */,
				D7E37D15267EECA500E40D70 /* restaurants.json */,
				D7762CFB267EE58900B179C1 /* Main.storyboard */,
				D7762CFE267EE59400B179C1 /* Assets.xcassets */,
				D7762D00267EE59400B179C1 /* LaunchScreen.storyboard */,
				D7762D03267EE59400B179C1 /* Info.plist */,
				D7E37D18267EED3D00E40D70 /* Restaurant.swift */,
				D7E37D1B267EEDBD00E40D70 /* RestaurantService.swift */,
				D7E37D1E267EF17300E40D70 /* RestaurantsListViewModel.swift */,
				D7E37D21267F223000E40D70 /* RestaurantViewModel.swift */,
			);
			path = MVVMRxSwift;
			sourceTree = "<group>";
		};
		DB26169186FFA8E8C5597C0F /* Frameworks */ = {
			isa = PBXGroup;
			children = (
				59509F5ED2D36A87647E4A31 /* Pods_MVVMRxSwift.framework */,
			);
			name = Frameworks;
			sourceTree = "<group>";
		};
		E2D37681C5AEFFFB68820CBA /* Pods */ = {
			isa = PBXGroup;
			children = (
				9E3AB16511BB8FC539B1EF31 /* Pods-MVVMRxSwift.debug.xcconfig */,
				B12B998DBDA66EBA2A3A2430 /* Pods-MVVMRxSwift.release.xcconfig */,
			);
			path = Pods;
			sourceTree = "<group>";
		};
/* End PBXGroup section */

/* Begin PBXNativeTarget section */
		D7762CF1267EE58900B179C1 /* MVVMRxSwift */ = {
			isa = PBXNativeTarget;
			buildConfigurationList = D7762D06267EE59400B179C1 /* Build configuration list for PBXNativeTarget "MVVMRxSwift" */;
			buildPhases = (
				F11F8328320DA146CEB11928 /* [CP] Check Pods Manifest.lock */,
				D7762CEE267EE58900B179C1 /* Sources */,
				D7762CEF267EE58900B179C1 /* Frameworks */,
				D7762CF0267EE58900B179C1 /* Resources */,
				8C604557B4A4E579B97C38F2 /* [CP] Embed Pods Frameworks */,
			);
			buildRules = (
			);
			dependencies = (
			);
			name = MVVMRxSwift;
			productName = MVVMRxSwift;
			productReference = D7762CF2267EE58900B179C1 /* MVVMRxSwift.app */;
			productType = "com.apple.product-type.application";
		};
/* End PBXNativeTarget section */

/* Begin PBXProject section */
		D7762CEA267EE58900B179C1 /* Project object */ = {
			isa = PBXProject;
			attributes = {
				LastSwiftUpdateCheck = 1230;
				LastUpgradeCheck = 1230;
				TargetAttributes = {
					D7762CF1267EE58900B179C1 = {
						CreatedOnToolsVersion = 12.3;
					};
				};
			};
			buildConfigurationList = D7762CED267EE58900B179C1 /* Build configuration list for PBXProject "MVVMRxSwift" */;
			compatibilityVersion = "Xcode 9.3";
			developmentRegion = en;
			hasScannedForEncodings = 0;
			knownRegions = (
				en,
				Base,
			);
			mainGroup = D7762CE9267EE58900B179C1;
			productRefGroup = D7762CF3267EE58900B179C1 /* Products */;
			projectDirPath = "";
			projectRoot = "";
			targets = (
				D7762CF1267EE58900B179C1 /* MVVMRxSwift */,
			);
		};
/* End PBXProject section */

/* Begin PBXResourcesBuildPhase section */
		D7762CF0267EE58900B179C1 /* Resources */ = {
			isa = PBXResourcesBuildPhase;
			buildActionMask = 2147483647;
			files = (
				D7E37D16267EECA500E40D70 /* restaurants.json in Resources */,
				D7762D02267EE59400B179C1 /* LaunchScreen.storyboard in Resources */,
				D7762CFF267EE59400B179C1 /* Assets.xcassets in Resources */,
				D7762CFD267EE58900B179C1 /* Main.storyboard in Resources */,
			);
			runOnlyForDeploymentPostprocessing = 0;
		};
/* End PBXResourcesBuildPhase section */

/* Begin PBXShellScriptBuildPhase section */
		8C604557B4A4E579B97C38F2 /* [CP] Embed Pods Frameworks */ = {
			isa = PBXShellScriptBuildPhase;
			buildActionMask = 2147483647;
			files = (
			);
			inputFileListPaths = (
				"${PODS_ROOT}/Target Support Files/Pods-MVVMRxSwift/Pods-MVVMRxSwift-frameworks-${CONFIGURATION}-input-files.xcfilelist",
			);
			name = "[CP] Embed Pods Frameworks";
			outputFileListPaths = (
				"${PODS_ROOT}/Target Support Files/Pods-MVVMRxSwift/Pods-MVVMRxSwift-frameworks-${CONFIGURATION}-output-files.xcfilelist",
			);
			runOnlyForDeploymentPostprocessing = 0;
			shellPath = /bin/sh;
			shellScript = "\"${PODS_ROOT}/Target Support Files/Pods-MVVMRxSwift/Pods-MVVMRxSwift-frameworks.sh\"\n";
			showEnvVarsInLog = 0;
		};
		F11F8328320DA146CEB11928 /* [CP] Check Pods Manifest.lock */ = {
			isa = PBXShellScriptBuildPhase;
			buildActionMask = 2147483647;
			files = (
			);
			inputFileListPaths = (
			);
			inputPaths = (
				"${PODS_PODFILE_DIR_PATH}/Podfile.lock",
				"${PODS_ROOT}/Manifest.lock",
			);
			name = "[CP] Check Pods Manifest.lock";
			outputFileListPaths = (
			);
			outputPaths = (
				"$(DERIVED_FILE_DIR)/Pods-MVVMRxSwift-checkManifestLockResult.txt",
			);
			runOnlyForDeploymentPostprocessing = 0;
			shellPath = /bin/sh;
			shellScript = "diff \"${PODS_PODFILE_DIR_PATH}/Podfile.lock\" \"${PODS_ROOT}/Manifest.lock\" > /dev/null\nif [ $? != 0 ] ; then\n    # print error to STDERR\n    echo \"error: The sandbox is not in sync with the Podfile.lock. Run 'pod install' or update your CocoaPods installation.\" >&2\n    exit 1\nfi\n# This output is used by Xcode 'outputs' to avoid re-running this script phase.\necho \"SUCCESS\" > \"${SCRIPT_OUTPUT_FILE_0}\"\n";
			showEnvVarsInLog = 0;
		};
/* End PBXShellScriptBuildPhase section */

/* Begin PBXSourcesBuildPhase section */
		D7762CEE267EE58900B179C1 /* Sources */ = {
			isa = PBXSourcesBuildPhase;
			buildActionMask = 2147483647;
			files = (
				D7E37D19267EED3D00E40D70 /* Restaurant.swift in Sources */,
				D7E37D22267F223000E40D70 /* RestaurantViewModel.swift in Sources */,
				D7762D11267EE6D500B179C1 /* AppCoordinator.swift in Sources */,
				D7762CFA267EE58900B179C1 /* ViewController.swift in Sources */,
				D7762CF6267EE58900B179C1 /* AppDelegate.swift in Sources */,
				D7E37D1C267EEDBD00E40D70 /* RestaurantService.swift in Sources */,
				D7E37D1F267EF17300E40D70 /* RestaurantsListViewModel.swift in Sources */,
				D7762CF8267EE58900B179C1 /* SceneDelegate.swift in Sources */,
			);
			runOnlyForDeploymentPostprocessing = 0;
		};
/* End PBXSourcesBuildPhase section */

/* Begin PBXVariantGroup section */
		D7762CFB267EE58900B179C1 /* Main.storyboard */ = {
			isa = PBXVariantGroup;
			children = (
				D7762CFC267EE58900B179C1 /* Base */,
			);
			name = Main.storyboard;
			sourceTree = "<group>";
		};
		D7762D00267EE59400B179C1 /* LaunchScreen.storyboard */ = {
			isa = PBXVariantGroup;
			children = (
				D7762D01267EE59400B179C1 /* Base */,
			);
			name = LaunchScreen.storyboard;
			sourceTree = "<group>";
		};
/* End PBXVariantGroup section */

/* Begin XCBuildConfiguration section */
		D7762D04267EE59400B179C1 /* Debug */ = {
			isa = XCBuildConfiguration;
			buildSettings = {
				ALWAYS_SEARCH_USER_PATHS = NO;
				CLANG_ANALYZER_NONNULL = YES;
				CLANG_ANALYZER_NUMBER_OBJECT_CONVERSION = YES_AGGRESSIVE;
				CLANG_CXX_LANGUAGE_STANDARD = "gnu++14";
				CLANG_CXX_LIBRARY = "libc++";
				CLANG_ENABLE_MODULES = YES;
				CLANG_ENABLE_OBJC_ARC = YES;
				CLANG_ENABLE_OBJC_WEAK = YES;
				CLANG_WARN_BLOCK_CAPTURE_AUTORELEASING = YES;
				CLANG_WARN_BOOL_CONVERSION = YES;
				CLANG_WARN_COMMA = YES;
				CLANG_WARN_CONSTANT_CONVERSION = YES;
				CLANG_WARN_DEPRECATED_OBJC_IMPLEMENTATIONS = YES;
				CLANG_WARN_DIRECT_OBJC_ISA_USAGE = YES_ERROR;
				CLANG_WARN_DOCUMENTATION_COMMENTS = YES;
				CLANG_WARN_EMPTY_BODY = YES;
				CLANG_WARN_ENUM_CONVERSION = YES;
				CLANG_WARN_INFINITE_RECURSION = YES;
				CLANG_WARN_INT_CONVERSION = YES;
				CLANG_WARN_NON_LITERAL_NULL_CONVERSION = YES;
				CLANG_WARN_OBJC_IMPLICIT_RETAIN_SELF = YES;
				CLANG_WARN_OBJC_LITERAL_CONVERSION = YES;
				CLANG_WARN_OBJC_ROOT_CLASS = YES_ERROR;
				CLANG_WARN_QUOTED_INCLUDE_IN_FRAMEWORK_HEADER = YES;
				CLANG_WARN_RANGE_LOOP_ANALYSIS = YES;
				CLANG_WARN_STRICT_PROTOTYPES = YES;
				CLANG_WARN_SUSPICIOUS_MOVE = YES;
				CLANG_WARN_UNGUARDED_AVAILABILITY = YES_AGGRESSIVE;
				CLANG_WARN_UNREACHABLE_CODE = YES;
				CLANG_WARN__DUPLICATE_METHOD_MATCH = YES;
				COPY_PHASE_STRIP = NO;
				DEBUG_INFORMATION_FORMAT = dwarf;
				ENABLE_STRICT_OBJC_MSGSEND = YES;
				ENABLE_TESTABILITY = YES;
				GCC_C_LANGUAGE_STANDARD = gnu11;
				GCC_DYNAMIC_NO_PIC = NO;
				GCC_NO_COMMON_BLOCKS = YES;
				GCC_OPTIMIZATION_LEVEL = 0;
				GCC_PREPROCESSOR_DEFINITIONS = (
					"DEBUG=1",
					"$(inherited)",
				);
				GCC_WARN_64_TO_32_BIT_CONVERSION = YES;
				GCC_WARN_ABOUT_RETURN_TYPE = YES_ERROR;
				GCC_WARN_UNDECLARED_SELECTOR = YES;
				GCC_WARN_UNINITIALIZED_AUTOS = YES_AGGRESSIVE;
				GCC_WARN_UNUSED_FUNCTION = YES;
				GCC_WARN_UNUSED_VARIABLE = YES;
				IPHONEOS_DEPLOYMENT_TARGET = 14.3;
				MTL_ENABLE_DEBUG_INFO = INCLUDE_SOURCE;
				MTL_FAST_MATH = YES;
				ONLY_ACTIVE_ARCH = YES;
				SDKROOT = iphoneos;
				SWIFT_ACTIVE_COMPILATION_CONDITIONS = DEBUG;
				SWIFT_OPTIMIZATION_LEVEL = "-Onone";
			};
			name = Debug;
		};
		D7762D05267EE59400B179C1 /* Release */ = {
			isa = XCBuildConfiguration;
			buildSettings = {
				ALWAYS_SEARCH_USER_PATHS = NO;
				CLANG_ANALYZER_NONNULL = YES;
				CLANG_ANALYZER_NUMBER_OBJECT_CONVERSION = YES_AGGRESSIVE;
				CLANG_CXX_LANGUAGE_STANDARD = "gnu++14";
				CLANG_CXX_LIBRARY = "libc++";
				CLANG_ENABLE_MODULES = YES;
				CLANG_ENABLE_OBJC_ARC = YES;
				CLANG_ENABLE_OBJC_WEAK = YES;
				CLANG_WARN_BLOCK_CAPTURE_AUTORELEASING = YES;
				CLANG_WARN_BOOL_CONVERSION = YES;
				CLANG_WARN_COMMA = YES;
				CLANG_WARN_CONSTANT_CONVERSION = YES;
				CLANG_WARN_DEPRECATED_OBJC_IMPLEMENTATIONS = YES;
				CLANG_WARN_DIRECT_OBJC_ISA_USAGE = YES_ERROR;
				CLANG_WARN_DOCUMENTATION_COMMENTS = YES;
				CLANG_WARN_EMPTY_BODY = YES;
				CLANG_WARN_ENUM_CONVERSION = YES;
				CLANG_WARN_INFINITE_RECURSION = YES;
				CLANG_WARN_INT_CONVERSION = YES;
				CLANG_WARN_NON_LITERAL_NULL_CONVERSION = YES;
				CLANG_WARN_OBJC_IMPLICIT_RETAIN_SELF = YES;
				CLANG_WARN_OBJC_LITERAL_CONVERSION = YES;
				CLANG_WARN_OBJC_ROOT_CLASS = YES_ERROR;
				CLANG_WARN_QUOTED_INCLUDE_IN_FRAMEWORK_HEADER = YES;
				CLANG_WARN_RANGE_LOOP_ANALYSIS = YES;
				CLANG_WARN_STRICT_PROTOTYPES = YES;
				CLANG_WARN_SUSPICIOUS_MOVE = YES;
				CLANG_WARN_UNGUARDED_AVAILABILITY = YES_AGGRESSIVE;
				CLANG_WARN_UNREACHABLE_CODE = YES;
				CLANG_WARN__DUPLICATE_METHOD_MATCH = YES;
				COPY_PHASE_STRIP = NO;
				DEBUG_INFORMATION_FORMAT = "dwarf-with-dsym";
				ENABLE_NS_ASSERTIONS = NO;
				ENABLE_STRICT_OBJC_MSGSEND = YES;
				GCC_C_LANGUAGE_STANDARD = gnu11;
				GCC_NO_COMMON_BLOCKS = YES;
				GCC_WARN_64_TO_32_BIT_CONVERSION = YES;
				GCC_WARN_ABOUT_RETURN_TYPE = YES_ERROR;
				GCC_WARN_UNDECLARED_SELECTOR = YES;
				GCC_WARN_UNINITIALIZED_AUTOS = YES_AGGRESSIVE;
				GCC_WARN_UNUSED_FUNCTION = YES;
				GCC_WARN_UNUSED_VARIABLE = YES;
				IPHONEOS_DEPLOYMENT_TARGET = 14.3;
				MTL_ENABLE_DEBUG_INFO = NO;
				MTL_FAST_MATH = YES;
				SDKROOT = iphoneos;
				SWIFT_COMPILATION_MODE = wholemodule;
				SWIFT_OPTIMIZATION_LEVEL = "-O";
				VALIDATE_PRODUCT = YES;
			};
			name = Release;
		};
		D7762D07267EE59400B179C1 /* Debug */ = {
			isa = XCBuildConfiguration;
			baseConfigurationReference = 9E3AB16511BB8FC539B1EF31 /* Pods-MVVMRxSwift.debug.xcconfig */;
			buildSettings = {
				ASSETCATALOG_COMPILER_APPICON_NAME = AppIcon;
				ASSETCATALOG_COMPILER_GLOBAL_ACCENT_COLOR_NAME = AccentColor;
				CODE_SIGN_STYLE = Automatic;
				INFOPLIST_FILE = MVVMRxSwift/Info.plist;
				LD_RUNPATH_SEARCH_PATHS = (
					"$(inherited)",
					"@executable_path/Frameworks",
				);
				PRODUCT_BUNDLE_IDENTIFIER = com.wafuwafuudemy.MVVMRxSwift;
				PRODUCT_NAME = "$(TARGET_NAME)";
				SWIFT_VERSION = 5.0;
				TARGETED_DEVICE_FAMILY = "1,2";
			};
			name = Debug;
		};
		D7762D08267EE59400B179C1 /* Release */ = {
			isa = XCBuildConfiguration;
			baseConfigurationReference = B12B998DBDA66EBA2A3A2430 /* Pods-MVVMRxSwift.release.xcconfig */;
			buildSettings = {
				ASSETCATALOG_COMPILER_APPICON_NAME = AppIcon;
				ASSETCATALOG_COMPILER_GLOBAL_ACCENT_COLOR_NAME = AccentColor;
				CODE_SIGN_STYLE = Automatic;
				INFOPLIST_FILE = MVVMRxSwift/Info.plist;
				LD_RUNPATH_SEARCH_PATHS = (
					"$(inherited)",
					"@executable_path/Frameworks",
				);
				PRODUCT_BUNDLE_IDENTIFIER = com.wafuwafuudemy.MVVMRxSwift;
				PRODUCT_NAME = "$(TARGET_NAME)";
				SWIFT_VERSION = 5.0;
				TARGETED_DEVICE_FAMILY = "1,2";
			};
			name = Release;
		};
/* End XCBuildConfiguration section */

/* Begin XCConfigurationList section */
		D7762CED267EE58900B179C1 /* Build configuration list for PBXProject "MVVMRxSwift" */ = {
			isa = XCConfigurationList;
			buildConfigurations = (
				D7762D04267EE59400B179C1 /* Debug */,
				D7762D05267EE59400B179C1 /* Release */,
			);
			defaultConfigurationIsVisible = 0;
			defaultConfigurationName = Release;
		};
		D7762D06267EE59400B179C1 /* Build configuration list for PBXNativeTarget "MVVMRxSwift" */ = {
			isa = XCConfigurationList;
			buildConfigurations = (
				D7762D07267EE59400B179C1 /* Debug */,
				D7762D08267EE59400B179C1 /* Release */,
			);
			defaultConfigurationIsVisible = 0;
			defaultConfigurationName = Release;
		};
/* End XCConfigurationList section */
	};
	rootObject = D7762CEA267EE58900B179C1 /* Project object */;
}
